
Microsoft Visual Studio Solution File, Format Version 12.00
# Visual Studio Version 16
VisualStudioVersion = 16.0.30517.126
MinimumVisualStudioVersion = 10.0.40219.1
Project("{8BC9CEB8-8B4A-11D0-8D11-00A0C91BC942}") = "SinglecategorySinglelayerNetwork", "SinglecategorySinglelayerNetwork\SinglecategorySinglelayerNetwork.vcxproj", "{F92A0FB0-0320-489D-AC7F-0E01D32F5A77}"
EndProject
Project("{8BC9CEB8-8B4A-11D0-8D11-00A0C91BC942}") = "MulticategorySinglelayerNetwork", "MulticategorySinglelayerNetwork\MulticategorySinglelayerNetwork.vcxproj", "{1DB39ED2-74D1-4568-A376-7A49BD6EA03C}"
EndProject
Global
	GlobalSection(SolutionConfigurationPlatforms) = preSolution
		Debug|x64 = Debug|x64
		Debug|x86 = Debug|x86
		Release|x64 = Release|x64
		Release|x86 = Release|x86
	EndGlobalSection
	GlobalSection(ProjectConfigurationPlatforms) = postSolution
		{F92A0FB0-0320-489D-AC7F-0E01D32F5A77}.Debug|x64.ActiveCfg = Debug|x64
		{F92A0FB0-0320-489D-AC7F-0E01D32F5A77}.Debug|x64.Build.0 = Debug|x64
		{F92A0FB0-0320-489D-AC7F-0E01D32F5A77}.Debug|x86.ActiveCfg = Debug|Win32
		{F92A0FB0-0320-489D-AC7F-0E01D32F5A77}.Debug|x86.Build.0 = Debug|Win32
		{F92A0FB0-0320-489D-AC7F-0E01D32F5A77}.Release|x64.ActiveCfg = Release|x64
		{F92A0FB0-0320-489D-AC7F-0E01D32F5A77}.Release|x64.Build.0 = Release|x64
		{F92A0FB0-0320-489D-AC7F-0E01D32F5A77}.Release|x86.ActiveCfg = Release|Win32
		{F92A0FB0-0320-489D-AC7F-0E01D32F5A77}.Release|x86.Build.0 = Release|Win32
		{1DB39ED2-74D1-4568-A376-7A49BD6EA03C}.Debug|x64.ActiveCfg = Debug|x64
		{1DB39ED2-74D1-4568-A376-7A49BD6EA03C}.Debug|x64.Build.0 = Debug|x64
		{1DB39ED2-74D1-4568-A376-7A49BD6EA03C}.Debug|x86.ActiveCfg = Debug|Win32
		{1DB39ED2-74D1-4568-A376-7A49BD6EA03C}.Debug|x86.Build.0 = Debug|Win32
		{1DB39ED2-74D1-4568-A376-7A49BD6EA03C}.Release|x64.ActiveCfg = Release|x64
		{1DB39ED2-74D1-4568-A376-7A49BD6EA03C}.Release|x64.Build.0 = Release|x64
		{1DB39ED2-74D1-4568-A376-7A49BD6EA03C}.Release|x86.ActiveCfg = Release|Win32
		{1DB39ED2-74D1-4568-A376-7A49BD6EA03C}.Release|x86.Build.0 = Release|Win32
	EndGlobalSection
	GlobalSection(SolutionProperties) = preSolution
		HideSolutionNode = FALSE
	EndGlobalSection
	GlobalSection(ExtensibilityGlobals) = postSolution
		SolutionGuid = {EEB48EEF-D181-4143-AE05-023F5A61D1A7}
	EndGlobalSection
EndGlobal
